// !$*UTF8*$!
{
	archiveVersion = 1;
	classes = {
	};
	objectVersion = 77;
	objects = {

/* Begin PBXBuildFile section */
		9476ADF92F25348C001C0015 /* CasePaths in Frameworks */ = {isa = PBXBuildFile; productRef = 9476ADF82F25348C001C0015 /* CasePaths */; };
		9476AE022F253632001C0015 /* SwiftNavigation in Frameworks */ = {isa = PBXBuildFile; productRef = 9476AE012F253632001C0015 /* SwiftNavigation */; };
		94DC69892EDCB06E0078320F /* SQLiteData in Frameworks */ = {isa = PBXBuildFile; productRef = 94DC69882EDCB06E0078320F /* SQLiteData */; };
		94DC698B2EDCB06E0078320F /* SQLiteDataTestSupport in Frameworks */ = {isa = PBXBuildFile; productRef = 94DC698A2EDCB06E0078320F /* SQLiteDataTestSupport */; };
		94DC699C2F0000000078320F /* ComposableArchitecture in Frameworks */ = {isa = PBXBuildFile; productRef = 94DC699B2F0000000078320F /* ComposableArchitecture */; };
		94DC699D2F0000000078320F /* ComposableArchitecture in Frameworks */ = {isa = PBXBuildFile; productRef = 94DC699B2F0000000078320F /* ComposableArchitecture */; };
/* End PBXBuildFile section */

/* Begin PBXContainerItemProxy section */
		94DC68D72EDCAEC20078320F /* PBXContainerItemProxy */ = {
			isa = PBXContainerItemProxy;
			containerPortal = 94DC68C12EDCAEC00078320F /* Project object */;
			proxyType = 1;
			remoteGlobalIDString = 94DC68C82EDCAEC00078320F;
			remoteInfo = AuralystApp;
		};
		94DC68E12EDCAEC20078320F /* PBXContainerItemProxy */ = {
			isa = PBXContainerItemProxy;
			containerPortal = 94DC68C12EDCAEC00078320F /* Project object */;
			proxyType = 1;
			remoteGlobalIDString = 94DC68C82EDCAEC00078320F;
			remoteInfo = AuralystApp;
		};
/* End PBXContainerItemProxy section */

/* Begin PBXFileReference section */
		94DC68C92EDCAEC00078320F /* AuralystApp.app */ = {isa = PBXFileReference; explicitFileType = wrapper.application; includeInIndex = 0; path = AuralystApp.app; sourceTree = BUILT_PRODUCTS_DIR; };
		94DC68D62EDCAEC20078320F /* AuralystAppTests.xctest */ = {isa = PBXFileReference; explicitFileType = wrapper.cfbundle; includeInIndex = 0; path = AuralystAppTests.xctest; sourceTree = BUILT_PRODUCTS_DIR; };
		94DC68E02EDCAEC20078320F /* AuralystAppUITests.xctest */ = {isa = PBXFileReference; explicitFileType = wrapper.cfbundle; includeInIndex = 0; path = AuralystAppUITests.xctest; sourceTree = BUILT_PRODUCTS_DIR; };
/* End PBXFileReference section */

/* Begin PBXFileSystemSynchronizedRootGroup section */
		94DC68CB2EDCAEC00078320F /* AuralystApp */ = {
			isa = PBXFileSystemSynchronizedRootGroup;
			path = AuralystApp;
			sourceTree = "<group>";
		};
		94DC68D92EDCAEC20078320F /* AuralystAppTests */ = {
			isa = PBXFileSystemSynchronizedRootGroup;
			path = AuralystAppTests;
			sourceTree = "<group>";
		};
		94DC68E32EDCAEC20078320F /* AuralystAppUITests */ = {
			isa = PBXFileSystemSynchronizedRootGroup;
			path = AuralystAppUITests;
			sourceTree = "<group>";
		};
/* End PBXFileSystemSynchronizedRootGroup section */

/* Begin PBXFrameworksBuildPhase section */
		94DC68C62EDCAEC00078320F /* Frameworks */ = {
			isa = PBXFrameworksBuildPhase;
			buildActionMask = 2147483647;
			files = (
				94DC699C2F0000000078320F /* ComposableArchitecture in Frameworks */,
				94DC69892EDCB06E0078320F /* SQLiteData in Frameworks */,
				9476AE022F253632001C0015 /* SwiftNavigation in Frameworks */,
			);
			runOnlyForDeploymentPostprocessing = 0;
		};
		94DC68D32EDCAEC20078320F /* Frameworks */ = {
			isa = PBXFrameworksBuildPhase;
			buildActionMask = 2147483647;
			files = (
				94DC699D2F0000000078320F /* ComposableArchitecture in Frameworks */,
				94DC698B2EDCB06E0078320F /* SQLiteDataTestSupport in Frameworks */,
				9476ADF92F25348C001C0015 /* CasePaths in Frameworks */,
			);
			runOnlyForDeploymentPostprocessing = 0;
		};
		94DC68DD2EDCAEC20078320F /* Frameworks */ = {
			isa = PBXFrameworksBuildPhase;
			buildActionMask = 2147483647;
			files = (
			);
			runOnlyForDeploymentPostprocessing = 0;
		};
/* End PBXFrameworksBuildPhase section */

/* Begin PBXGroup section */
		9476ADF72F25348C001C0015 /* Frameworks */ = {
			isa = PBXGroup;
			children = (
			);
			name = Frameworks;
			sourceTree = "<group>";
		};
		94DC68C02EDCAEC00078320F = {
			isa = PBXGroup;
			children = (
				94DC68CB2EDCAEC00078320F /* AuralystApp */,
				94DC68D92EDCAEC20078320F /* AuralystAppTests */,
				94DC68E32EDCAEC20078320F /* AuralystAppUITests */,
				9476ADF72F25348C001C0015 /* Frameworks */,
				94DC68CA2EDCAEC00078320F /* Products */,
			);
			sourceTree = "<group>";
		};
		94DC68CA2EDCAEC00078320F /* Products */ = {
			isa = PBXGroup;
			children = (
				94DC68C92EDCAEC00078320F /* AuralystApp.app */,
				94DC68D62EDCAEC20078320F /* AuralystAppTests.xctest */,
				94DC68E02EDCAEC20078320F /* AuralystAppUITests.xctest */,
			);
			name = Products;
			sourceTree = "<group>";
		};
/* End PBXGroup section */

/* Begin PBXNativeTarget section */
		94DC68C82EDCAEC00078320F /* AuralystApp */ = {
			isa = PBXNativeTarget;
			buildConfigurationList = 94DC68EA2EDCAEC20078320F /* Build configuration list for PBXNativeTarget "AuralystApp" */;
			buildPhases = (
				94DC68C52EDCAEC00078320F /* Sources */,
				94DC68C62EDCAEC00078320F /* Frameworks */,
				94DC68C72EDCAEC00078320F /* Resources */,
			);
			buildRules = (
			);
			dependencies = (
			);
			fileSystemSynchronizedGroups = (
				94DC68CB2EDCAEC00078320F /* AuralystApp */,
			);
			name = AuralystApp;
			packageProductDependencies = (
				94DC699B2F0000000078320F /* ComposableArchitecture */,
				94DC69882EDCB06E0078320F /* SQLiteData */,
				9476AE012F253632001C0015 /* SwiftNavigation */,
			);
			productName = AuralystApp;
			productReference = 94DC68C92EDCAEC00078320F /* AuralystApp.app */;
			productType = "com.apple.product-type.application";
		};
		94DC68D52EDCAEC20078320F /* AuralystAppTests */ = {
			isa = PBXNativeTarget;
			buildConfigurationList = 94DC68ED2EDCAEC20078320F /* Build configuration list for PBXNativeTarget "AuralystAppTests" */;
			buildPhases = (
				94DC68D22EDCAEC20078320F /* Sources */,
				94DC68D32EDCAEC20078320F /* Frameworks */,
				94DC68D42EDCAEC20078320F /* Resources */,
			);
			buildRules = (
			);
			dependencies = (
				94DC68D82EDCAEC20078320F /* PBXTargetDependency */,
			);
			fileSystemSynchronizedGroups = (
				94DC68D92EDCAEC20078320F /* AuralystAppTests */,
			);
			name = AuralystAppTests;
			packageProductDependencies = (
				94DC699B2F0000000078320F /* ComposableArchitecture */,
				94DC698A2EDCB06E0078320F /* SQLiteDataTestSupport */,
				9476ADF82F25348C001C0015 /* CasePaths */,
			);
			productName = AuralystAppTests;
			productReference = 94DC68D62EDCAEC20078320F /* AuralystAppTests.xctest */;
			productType = "com.apple.product-type.bundle.unit-test";
		};
		94DC68DF2EDCAEC20078320F /* AuralystAppUITests */ = {
			isa = PBXNativeTarget;
			buildConfigurationList = 94DC68F02EDCAEC20078320F /* Build configuration list for PBXNativeTarget "AuralystAppUITests" */;
			buildPhases = (
				94DC68DC2EDCAEC20078320F /* Sources */,
				94DC68DD2EDCAEC20078320F /* Frameworks */,
				94DC68DE2EDCAEC20078320F /* Resources */,
			);
			buildRules = (
			);
			dependencies = (
				94DC68E22EDCAEC20078320F /* PBXTargetDependency */,
			);
			fileSystemSynchronizedGroups = (
				94DC68E32EDCAEC20078320F /* AuralystAppUITests */,
			);
			name = AuralystAppUITests;
			packageProductDependencies = (
			);
			productName = AuralystAppUITests;
			productReference = 94DC68E02EDCAEC20078320F /* AuralystAppUITests.xctest */;
			productType = "com.apple.product-type.bundle.ui-testing";
		};
/* End PBXNativeTarget section */

/* Begin PBXProject section */
		94DC68C12EDCAEC00078320F /* Project object */ = {
			isa = PBXProject;
			attributes = {
				BuildIndependentTargetsInParallel = 1;
				LastSwiftUpdateCheck = 2610;
				LastUpgradeCheck = 2620;
				TargetAttributes = {
					94DC68C82EDCAEC00078320F = {
						CreatedOnToolsVersion = 26.1.1;
					};
					94DC68D52EDCAEC20078320F = {
						CreatedOnToolsVersion = 26.1.1;
						TestTargetID = 94DC68C82EDCAEC00078320F;
					};
					94DC68DF2EDCAEC20078320F = {
						CreatedOnToolsVersion = 26.1.1;
						TestTargetID = 94DC68C82EDCAEC00078320F;
					};
				};
			};
			buildConfigurationList = 94DC68C42EDCAEC00078320F /* Build configuration list for PBXProject "AuralystApp" */;
			developmentRegion = en;
			hasScannedForEncodings = 0;
			knownRegions = (
				en,
				Base,
			);
			mainGroup = 94DC68C02EDCAEC00078320F;
			minimizedProjectReferenceProxies = 1;
			packageReferences = (
				94DC69872EDCB06E0078320F /* XCRemoteSwiftPackageReference "sqlite-data" */,
				94DC699A2F0000000078320F /* XCRemoteSwiftPackageReference "swift-composable-architecture" */,
				9476ADF62F2532A7001C0015 /* XCRemoteSwiftPackageReference "swift-case-paths" */,
				9476AE002F253598001C0015 /* XCRemoteSwiftPackageReference "swift-navigation" */,
			);
			preferredProjectObjectVersion = 77;
			productRefGroup = 94DC68CA2EDCAEC00078320F /* Products */;
			projectDirPath = "";
			projectRoot = "";
			targets = (
				94DC68C82EDCAEC00078320F /* AuralystApp */,
				94DC68D52EDCAEC20078320F /* AuralystAppTests */,
				94DC68DF2EDCAEC20078320F /* AuralystAppUITests */,
			);
		};
/* End PBXProject section */

/* Begin PBXResourcesBuildPhase section */
		94DC68C72EDCAEC00078320F /* Resources */ = {
			isa = PBXResourcesBuildPhase;
			buildActionMask = 2147483647;
			files = (
			);
			runOnlyForDeploymentPostprocessing = 0;
		};
		94DC68D42EDCAEC20078320F /* Resources */ = {
			isa = PBXResourcesBuildPhase;
			buildActionMask = 2147483647;
			files = (
			);
			runOnlyForDeploymentPostprocessing = 0;
		};
		94DC68DE2EDCAEC20078320F /* Resources */ = {
			isa = PBXResourcesBuildPhase;
			buildActionMask = 2147483647;
			files = (
			);
			runOnlyForDeploymentPostprocessing = 0;
		};
/* End PBXResourcesBuildPhase section */

/* Begin PBXSourcesBuildPhase section */
		94DC68C52EDCAEC00078320F /* Sources */ = {
			isa = PBXSourcesBuildPhase;
			buildActionMask = 2147483647;
			files = (
			);
			runOnlyForDeploymentPostprocessing = 0;
		};
		94DC68D22EDCAEC20078320F /* Sources */ = {
			isa = PBXSourcesBuildPhase;
			buildActionMask = 2147483647;
			files = (
			);
			runOnlyForDeploymentPostprocessing = 0;
		};
		94DC68DC2EDCAEC20078320F /* Sources */ = {
			isa = PBXSourcesBuildPhase;
			buildActionMask = 2147483647;
			files = (
			);
			runOnlyForDeploymentPostprocessing = 0;
		};
/* End PBXSourcesBuildPhase section */

/* Begin PBXTargetDependency section */
		94DC68D82EDCAEC20078320F /* PBXTargetDependency */ = {
			isa = PBXTargetDependency;
			target = 94DC68C82EDCAEC00078320F /* AuralystApp */;
			targetProxy = 94DC68D72EDCAEC20078320F /* PBXContainerItemProxy */;
		};
		94DC68E22EDCAEC20078320F /* PBXTargetDependency */ = {
			isa = PBXTargetDependency;
			target = 94DC68C82EDCAEC00078320F /* AuralystApp */;
			targetProxy = 94DC68E12EDCAEC20078320F /* PBXContainerItemProxy */;
		};
/* End PBXTargetDependency section */

/* Begin XCBuildConfiguration section */
		94DC68E82EDCAEC20078320F /* Debug */ = {
			isa = XCBuildConfiguration;
			buildSettings = {
				ALWAYS_SEARCH_USER_PATHS = NO;
				ASSETCATALOG_COMPILER_GENERATE_SWIFT_ASSET_SYMBOL_EXTENSIONS = YES;
				CLANG_ANALYZER_NONNULL = YES;
				CLANG_ANALYZER_NUMBER_OBJECT_CONVERSION = YES_AGGRESSIVE;
				CLANG_CXX_LANGUAGE_STANDARD = "gnu++20";
				CLANG_ENABLE_MODULES = YES;
				CLANG_ENABLE_OBJC_ARC = YES;
				CLANG_ENABLE_OBJC_WEAK = YES;
				CLANG_WARN_BLOCK_CAPTURE_AUTORELEASING = YES;
				CLANG_WARN_BOOL_CONVERSION = YES;
				CLANG_WARN_COMMA = YES;
				CLANG_WARN_CONSTANT_CONVERSION = YES;
				CLANG_WARN_DEPRECATED_OBJC_IMPLEMENTATIONS = YES;
				CLANG_WARN_DIRECT_OBJC_ISA_USAGE = YES_ERROR;
				CLANG_WARN_DOCUMENTATION_COMMENTS = YES;
				CLANG_WARN_EMPTY_BODY = YES;
				CLANG_WARN_ENUM_CONVERSION = YES;
				CLANG_WARN_INFINITE_RECURSION = YES;
				CLANG_WARN_INT_CONVERSION = YES;
				CLANG_WARN_NON_LITERAL_NULL_CONVERSION = YES;
				CLANG_WARN_OBJC_IMPLICIT_RETAIN_SELF = YES;
				CLANG_WARN_OBJC_LITERAL_CONVERSION = YES;
				CLANG_WARN_OBJC_ROOT_CLASS = YES_ERROR;
				CLANG_WARN_QUOTED_INCLUDE_IN_FRAMEWORK_HEADER = YES;
				CLANG_WARN_RANGE_LOOP_ANALYSIS = YES;
				CLANG_WARN_STRICT_PROTOTYPES = YES;
				CLANG_WARN_SUSPICIOUS_MOVE = YES;
				CLANG_WARN_UNGUARDED_AVAILABILITY = YES_AGGRESSIVE;
				CLANG_WARN_UNREACHABLE_CODE = YES;
				CLANG_WARN__DUPLICATE_METHOD_MATCH = YES;
				COPY_PHASE_STRIP = NO;
				DEAD_CODE_STRIPPING = YES;
				DEBUG_INFORMATION_FORMAT = dwarf;
				DEVELOPMENT_TEAM = 777XX46HDU;
				ENABLE_STRICT_OBJC_MSGSEND = YES;
				ENABLE_TESTABILITY = YES;
				ENABLE_USER_SCRIPT_SANDBOXING = YES;
				GCC_C_LANGUAGE_STANDARD = gnu17;
				GCC_DYNAMIC_NO_PIC = NO;
				GCC_NO_COMMON_BLOCKS = YES;
				GCC_OPTIMIZATION_LEVEL = 0;
				GCC_PREPROCESSOR_DEFINITIONS = (
					"DEBUG=1",
					"$(inherited)",
				);
				GCC_WARN_64_TO_32_BIT_CONVERSION = YES;
				GCC_WARN_ABOUT_RETURN_TYPE = YES_ERROR;
				GCC_WARN_UNDECLARED_SELECTOR = YES;
				GCC_WARN_UNINITIALIZED_AUTOS = YES_AGGRESSIVE;
				GCC_WARN_UNUSED_FUNCTION = YES;
				GCC_WARN_UNUSED_VARIABLE = YES;
				LOCALIZATION_PREFERS_STRING_CATALOGS = YES;
				MTL_ENABLE_DEBUG_INFO = INCLUDE_SOURCE;
				MTL_FAST_MATH = YES;
				ONLY_ACTIVE_ARCH = YES;
				STRING_CATALOG_GENERATE_SYMBOLS = YES;
				SWIFT_ACTIVE_COMPILATION_CONDITIONS = "DEBUG $(inherited)";
				SWIFT_OPTIMIZATION_LEVEL = "-Onone";
			};
			name = Debug;
		};
		94DC68E92EDCAEC20078320F /* Release */ = {
			isa = XCBuildConfiguration;
			buildSettings = {
				ALWAYS_SEARCH_USER_PATHS = NO;
				ASSETCATALOG_COMPILER_GENERATE_SWIFT_ASSET_SYMBOL_EXTENSIONS = YES;
				CLANG_ANALYZER_NONNULL = YES;
				CLANG_ANALYZER_NUMBER_OBJECT_CONVERSION = YES_AGGRESSIVE;
				CLANG_CXX_LANGUAGE_STANDARD = "gnu++20";
				CLANG_ENABLE_MODULES = YES;
				CLANG_ENABLE_OBJC_ARC = YES;
				CLANG_ENABLE_OBJC_WEAK = YES;
				CLANG_WARN_BLOCK_CAPTURE_AUTORELEASING = YES;
				CLANG_WARN_BOOL_CONVERSION = YES;
				CLANG_WARN_COMMA = YES;
				CLANG_WARN_CONSTANT_CONVERSION = YES;
				CLANG_WARN_DEPRECATED_OBJC_IMPLEMENTATIONS = YES;
				CLANG_WARN_DIRECT_OBJC_ISA_USAGE = YES_ERROR;
				CLANG_WARN_DOCUMENTATION_COMMENTS = YES;
				CLANG_WARN_EMPTY_BODY = YES;
				CLANG_WARN_ENUM_CONVERSION = YES;
				CLANG_WARN_INFINITE_RECURSION = YES;
				CLANG_WARN_INT_CONVERSION = YES;
				CLANG_WARN_NON_LITERAL_NULL_CONVERSION = YES;
				CLANG_WARN_OBJC_IMPLICIT_RETAIN_SELF = YES;
				CLANG_WARN_OBJC_LITERAL_CONVERSION = YES;
				CLANG_WARN_OBJC_ROOT_CLASS = YES_ERROR;
				CLANG_WARN_QUOTED_INCLUDE_IN_FRAMEWORK_HEADER = YES;
				CLANG_WARN_RANGE_LOOP_ANALYSIS = YES;
				CLANG_WARN_STRICT_PROTOTYPES = YES;
				CLANG_WARN_SUSPICIOUS_MOVE = YES;
				CLANG_WARN_UNGUARDED_AVAILABILITY = YES_AGGRESSIVE;
				CLANG_WARN_UNREACHABLE_CODE = YES;
				CLANG_WARN__DUPLICATE_METHOD_MATCH = YES;
				COPY_PHASE_STRIP = NO;
				DEAD_CODE_STRIPPING = YES;
				DEBUG_INFORMATION_FORMAT = "dwarf-with-dsym";
				DEVELOPMENT_TEAM = 777XX46HDU;
				ENABLE_NS_ASSERTIONS = NO;
				ENABLE_STRICT_OBJC_MSGSEND = YES;
				ENABLE_USER_SCRIPT_SANDBOXING = YES;
				GCC_C_LANGUAGE_STANDARD = gnu17;
				GCC_NO_COMMON_BLOCKS = YES;
				GCC_WARN_64_TO_32_BIT_CONVERSION = YES;
				GCC_WARN_ABOUT_RETURN_TYPE = YES_ERROR;
				GCC_WARN_UNDECLARED_SELECTOR = YES;
				GCC_WARN_UNINITIALIZED_AUTOS = YES_AGGRESSIVE;
				GCC_WARN_UNUSED_FUNCTION = YES;
				GCC_WARN_UNUSED_VARIABLE = YES;
				LOCALIZATION_PREFERS_STRING_CATALOGS = YES;
				MTL_ENABLE_DEBUG_INFO = NO;
				MTL_FAST_MATH = YES;
				STRING_CATALOG_GENERATE_SYMBOLS = YES;
				SWIFT_COMPILATION_MODE = wholemodule;
			};
			name = Release;
		};
		94DC68EB2EDCAEC20078320F /* Debug */ = {
			isa = XCBuildConfiguration;
			buildSettings = {
				ASSETCATALOG_COMPILER_APPICON_NAME = AppIcon;
				ASSETCATALOG_COMPILER_GLOBAL_ACCENT_COLOR_NAME = AccentColor;
				CODE_SIGN_ENTITLEMENTS = AuralystApp/AuralystApp.entitlements;
				CODE_SIGN_STYLE = Automatic;
				CURRENT_PROJECT_VERSION = 5;
				DEAD_CODE_STRIPPING = YES;
				DEVELOPMENT_TEAM = 777XX46HDU;
				ENABLE_APP_SANDBOX = YES;
				ENABLE_HARDENED_RUNTIME = YES;
				ENABLE_PREVIEWS = YES;
				ENABLE_USER_SELECTED_FILES = readonly;
				GENERATE_INFOPLIST_FILE = YES;
				INFOPLIST_KEY_CFBundleDisplayName = Auralyst;
				INFOPLIST_KEY_CKSharingSupported = YES;
				"INFOPLIST_KEY_UIApplicationSceneManifest_Generation[sdk=iphoneos*]" = YES;
				"INFOPLIST_KEY_UIApplicationSceneManifest_Generation[sdk=iphonesimulator*]" = YES;
				"INFOPLIST_KEY_UIApplicationSupportsIndirectInputEvents[sdk=iphoneos*]" = YES;
				"INFOPLIST_KEY_UIApplicationSupportsIndirectInputEvents[sdk=iphonesimulator*]" = YES;
				"INFOPLIST_KEY_UILaunchScreen_Generation[sdk=iphoneos*]" = YES;
				"INFOPLIST_KEY_UILaunchScreen_Generation[sdk=iphonesimulator*]" = YES;
				"INFOPLIST_KEY_UIStatusBarStyle[sdk=iphoneos*]" = UIStatusBarStyleDefault;
				"INFOPLIST_KEY_UIStatusBarStyle[sdk=iphonesimulator*]" = UIStatusBarStyleDefault;
				INFOPLIST_KEY_UISupportedInterfaceOrientations_iPad = "UIInterfaceOrientationPortrait UIInterfaceOrientationPortraitUpsideDown UIInterfaceOrientationLandscapeLeft UIInterfaceOrientationLandscapeRight";
				INFOPLIST_KEY_UISupportedInterfaceOrientations_iPhone = "UIInterfaceOrientationPortrait UIInterfaceOrientationLandscapeLeft UIInterfaceOrientationLandscapeRight";
				IPHONEOS_DEPLOYMENT_TARGET = 26.1;
				LD_RUNPATH_SEARCH_PATHS = "@executable_path/Frameworks";
				"LD_RUNPATH_SEARCH_PATHS[sdk=macosx*]" = "@executable_path/../Frameworks";
				MACOSX_DEPLOYMENT_TARGET = 26.1;
				MARKETING_VERSION = 0.3.1;
				PRODUCT_BUNDLE_IDENTIFIER = com.ryanleewilliams.AuralystApp;
				PRODUCT_NAME = "$(TARGET_NAME)";
				REGISTER_APP_GROUPS = YES;
				SDKROOT = auto;
				STRING_CATALOG_GENERATE_SYMBOLS = YES;
				SUPPORTED_PLATFORMS = "iphoneos iphonesimulator macosx xros xrsimulator";
				SWIFT_APPROACHABLE_CONCURRENCY = YES;
				SWIFT_DEFAULT_ACTOR_ISOLATION = none;
				SWIFT_EMIT_LOC_STRINGS = YES;
				SWIFT_STRICT_CONCURRENCY = minimal;
				SWIFT_UPCOMING_FEATURE_MEMBER_IMPORT_VISIBILITY = YES;
				SWIFT_VERSION = 6.0;
				TARGETED_DEVICE_FAMILY = "1,2,7";
				XROS_DEPLOYMENT_TARGET = 26.1;
			};
			name = Debug;
		};
		94DC68EC2EDCAEC20078320F /* Release */ = {
			isa = XCBuildConfiguration;
			buildSettings = {
				ASSETCATALOG_COMPILER_APPICON_NAME = AppIcon;
				ASSETCATALOG_COMPILER_GLOBAL_ACCENT_COLOR_NAME = AccentColor;
				CODE_SIGN_ENTITLEMENTS = AuralystApp/AuralystApp.release.entitlements;
				CODE_SIGN_STYLE = Automatic;
				CURRENT_PROJECT_VERSION = 5;
				DEAD_CODE_STRIPPING = YES;
				DEVELOPMENT_TEAM = 777XX46HDU;
				ENABLE_APP_SANDBOX = YES;
				ENABLE_HARDENED_RUNTIME = YES;
				ENABLE_PREVIEWS = YES;
				ENABLE_USER_SELECTED_FILES = readonly;
				GENERATE_INFOPLIST_FILE = YES;
				INFOPLIST_KEY_CFBundleDisplayName = Auralyst;
				INFOPLIST_KEY_CKSharingSupported = YES;
				"INFOPLIST_KEY_UIApplicationSceneManifest_Generation[sdk=iphoneos*]" = YES;
				"INFOPLIST_KEY_UIApplicationSceneManifest_Generation[sdk=iphonesimulator*]" = YES;
				"INFOPLIST_KEY_UIApplicationSupportsIndirectInputEvents[sdk=iphoneos*]" = YES;
				"INFOPLIST_KEY_UIApplicationSupportsIndirectInputEvents[sdk=iphonesimulator*]" = YES;
				"INFOPLIST_KEY_UILaunchScreen_Generation[sdk=iphoneos*]" = YES;
				"INFOPLIST_KEY_UILaunchScreen_Generation[sdk=iphonesimulator*]" = YES;
				"INFOPLIST_KEY_UIStatusBarStyle[sdk=iphoneos*]" = UIStatusBarStyleDefault;
				"INFOPLIST_KEY_UIStatusBarStyle[sdk=iphonesimulator*]" = UIStatusBarStyleDefault;
				INFOPLIST_KEY_UISupportedInterfaceOrientations_iPad = "UIInterfaceOrientationPortrait UIInterfaceOrientationPortraitUpsideDown UIInterfaceOrientationLandscapeLeft UIInterfaceOrientationLandscapeRight";
				INFOPLIST_KEY_UISupportedInterfaceOrientations_iPhone = "UIInterfaceOrientationPortrait UIInterfaceOrientationLandscapeLeft UIInterfaceOrientationLandscapeRight";
				IPHONEOS_DEPLOYMENT_TARGET = 26.1;
				LD_RUNPATH_SEARCH_PATHS = "@executable_path/Frameworks";
				"LD_RUNPATH_SEARCH_PATHS[sdk=macosx*]" = "@executable_path/../Frameworks";
				MACOSX_DEPLOYMENT_TARGET = 26.1;
				MARKETING_VERSION = 0.3.1;
				PRODUCT_BUNDLE_IDENTIFIER = com.ryanleewilliams.AuralystApp;
				PRODUCT_NAME = "$(TARGET_NAME)";
				REGISTER_APP_GROUPS = YES;
				SDKROOT = auto;
				STRING_CATALOG_GENERATE_SYMBOLS = YES;
				SUPPORTED_PLATFORMS = "iphoneos iphonesimulator macosx xros xrsimulator";
				SWIFT_APPROACHABLE_CONCURRENCY = YES;
				SWIFT_DEFAULT_ACTOR_ISOLATION = none;
				SWIFT_EMIT_LOC_STRINGS = YES;
				SWIFT_STRICT_CONCURRENCY = minimal;
				SWIFT_UPCOMING_FEATURE_MEMBER_IMPORT_VISIBILITY = YES;
				SWIFT_VERSION = 6.0;
				TARGETED_DEVICE_FAMILY = "1,2,7";
				XROS_DEPLOYMENT_TARGET = 26.1;
			};
			name = Release;
		};
		94DC68EE2EDCAEC20078320F /* Debug */ = {
			isa = XCBuildConfiguration;
			buildSettings = {
				BUNDLE_LOADER = "$(TEST_HOST)";
				CODE_SIGN_STYLE = Automatic;
				CURRENT_PROJECT_VERSION = 5;
				DEAD_CODE_STRIPPING = YES;
				DEVELOPMENT_TEAM = 777XX46HDU;
				GENERATE_INFOPLIST_FILE = YES;
				IPHONEOS_DEPLOYMENT_TARGET = 26.1;
				MACOSX_DEPLOYMENT_TARGET = 26.1;
				MARKETING_VERSION = 0.3.1;
				PRODUCT_BUNDLE_IDENTIFIER = com.ryanleewilliams.AuralystAppTests;
				PRODUCT_NAME = "$(TARGET_NAME)";
				SDKROOT = auto;
				STRING_CATALOG_GENERATE_SYMBOLS = NO;
				SUPPORTED_PLATFORMS = "iphoneos iphonesimulator macosx xros xrsimulator";
				SWIFT_APPROACHABLE_CONCURRENCY = YES;
				SWIFT_EMIT_LOC_STRINGS = NO;
				SWIFT_STRICT_CONCURRENCY = minimal;
				SWIFT_UPCOMING_FEATURE_MEMBER_IMPORT_VISIBILITY = YES;
				SWIFT_VERSION = 6.0;
				TARGETED_DEVICE_FAMILY = "1,2,7";
				TEST_HOST = "$(BUILT_PRODUCTS_DIR)/AuralystApp.app/$(BUNDLE_EXECUTABLE_FOLDER_PATH)/AuralystApp";
				XROS_DEPLOYMENT_TARGET = 26.1;
			};
			name = Debug;
		};
		94DC68EF2EDCAEC20078320F /* Release */ = {
			isa = XCBuildConfiguration;
			buildSettings = {
				BUNDLE_LOADER = "$(TEST_HOST)";
				CODE_SIGN_STYLE = Automatic;
				CURRENT_PROJECT_VERSION = 5;
				DEAD_CODE_STRIPPING = YES;
				DEVELOPMENT_TEAM = 777XX46HDU;
				GENERATE_INFOPLIST_FILE = YES;
				IPHONEOS_DEPLOYMENT_TARGET = 26.1;
				MACOSX_DEPLOYMENT_TARGET = 26.1;
				MARKETING_VERSION = 0.3.1;
				PRODUCT_BUNDLE_IDENTIFIER = com.ryanleewilliams.AuralystAppTests;
				PRODUCT_NAME = "$(TARGET_NAME)";
				SDKROOT = auto;
				STRING_CATALOG_GENERATE_SYMBOLS = NO;
				SUPPORTED_PLATFORMS = "iphoneos iphonesimulator macosx xros xrsimulator";
				SWIFT_APPROACHABLE_CONCURRENCY = YES;
				SWIFT_EMIT_LOC_STRINGS = NO;
				SWIFT_STRICT_CONCURRENCY = minimal;
				SWIFT_UPCOMING_FEATURE_MEMBER_IMPORT_VISIBILITY = YES;
				SWIFT_VERSION = 6.0;
				TARGETED_DEVICE_FAMILY = "1,2,7";
				TEST_HOST = "$(BUILT_PRODUCTS_DIR)/AuralystApp.app/$(BUNDLE_EXECUTABLE_FOLDER_PATH)/AuralystApp";
				XROS_DEPLOYMENT_TARGET = 26.1;
			};
			name = Release;
		};
		94DC68F12EDCAEC20078320F /* Debug */ = {
			isa = XCBuildConfiguration;
			buildSettings = {
				CODE_SIGN_STYLE = Automatic;
				CURRENT_PROJECT_VERSION = 5;
				DEAD_CODE_STRIPPING = YES;
				DEVELOPMENT_TEAM = 777XX46HDU;
				GENERATE_INFOPLIST_FILE = YES;
				IPHONEOS_DEPLOYMENT_TARGET = 26.1;
				MACOSX_DEPLOYMENT_TARGET = 26.1;
				MARKETING_VERSION = 0.3.1;
				PRODUCT_BUNDLE_IDENTIFIER = com.ryanleewilliams.AuralystAppUITests;
				PRODUCT_NAME = "$(TARGET_NAME)";
				SDKROOT = auto;
				STRING_CATALOG_GENERATE_SYMBOLS = NO;
				SUPPORTED_PLATFORMS = "iphoneos iphonesimulator macosx xros xrsimulator";
				SWIFT_APPROACHABLE_CONCURRENCY = YES;
				SWIFT_EMIT_LOC_STRINGS = NO;
				SWIFT_STRICT_CONCURRENCY = minimal;
				SWIFT_UPCOMING_FEATURE_MEMBER_IMPORT_VISIBILITY = YES;
				SWIFT_VERSION = 6.0;
				TARGETED_DEVICE_FAMILY = "1,2,7";
				TEST_TARGET_NAME = AuralystApp;
				XROS_DEPLOYMENT_TARGET = 26.1;
			};
			name = Debug;
		};
		94DC68F22EDCAEC20078320F /* Release */ = {
			isa = XCBuildConfiguration;
			buildSettings = {
				CODE_SIGN_STYLE = Automatic;
				CURRENT_PROJECT_VERSION = 5;
				DEAD_CODE_STRIPPING = YES;
				DEVELOPMENT_TEAM = 777XX46HDU;
				GENERATE_INFOPLIST_FILE = YES;
				IPHONEOS_DEPLOYMENT_TARGET = 26.1;
				MACOSX_DEPLOYMENT_TARGET = 26.1;
				MARKETING_VERSION = 0.3.1;
				PRODUCT_BUNDLE_IDENTIFIER = com.ryanleewilliams.AuralystAppUITests;
				PRODUCT_NAME = "$(TARGET_NAME)";
				SDKROOT = auto;
				STRING_CATALOG_GENERATE_SYMBOLS = NO;
				SUPPORTED_PLATFORMS = "iphoneos iphonesimulator macosx xros xrsimulator";
				SWIFT_APPROACHABLE_CONCURRENCY = YES;
				SWIFT_EMIT_LOC_STRINGS = NO;
				SWIFT_STRICT_CONCURRENCY = minimal;
				SWIFT_UPCOMING_FEATURE_MEMBER_IMPORT_VISIBILITY = YES;
				SWIFT_VERSION = 6.0;
				TARGETED_DEVICE_FAMILY = "1,2,7";
				TEST_TARGET_NAME = AuralystApp;
				XROS_DEPLOYMENT_TARGET = 26.1;
			};
			name = Release;
		};
/* End XCBuildConfiguration section */

/* Begin XCConfigurationList section */
		94DC68C42EDCAEC00078320F /* Build configuration list for PBXProject "AuralystApp" */ = {
			isa = XCConfigurationList;
			buildConfigurations = (
				94DC68E82EDCAEC20078320F /* Debug */,
				94DC68E92EDCAEC20078320F /* Release */,
			);
			defaultConfigurationIsVisible = 0;
			defaultConfigurationName = Release;
		};
		94DC68EA2EDCAEC20078320F /* Build configuration list for PBXNativeTarget "AuralystApp" */ = {
			isa = XCConfigurationList;
			buildConfigurations = (
				94DC68EB2EDCAEC20078320F /* Debug */,
				94DC68EC2EDCAEC20078320F /* Release */,
			);
			defaultConfigurationIsVisible = 0;
			defaultConfigurationName = Release;
		};
		94DC68ED2EDCAEC20078320F /* Build configuration list for PBXNativeTarget "AuralystAppTests" */ = {
			isa = XCConfigurationList;
			buildConfigurations = (
				94DC68EE2EDCAEC20078320F /* Debug */,
				94DC68EF2EDCAEC20078320F /* Release */,
			);
			defaultConfigurationIsVisible = 0;
			defaultConfigurationName = Release;
		};
		94DC68F02EDCAEC20078320F /* Build configuration list for PBXNativeTarget "AuralystAppUITests" */ = {
			isa = XCConfigurationList;
			buildConfigurations = (
				94DC68F12EDCAEC20078320F /* Debug */,
				94DC68F22EDCAEC20078320F /* Release */,
			);
			defaultConfigurationIsVisible = 0;
			defaultConfigurationName = Release;
		};
/* End XCConfigurationList section */

/* Begin XCRemoteSwiftPackageReference section */
		9476ADF62F2532A7001C0015 /* XCRemoteSwiftPackageReference "swift-case-paths" */ = {
			isa = XCRemoteSwiftPackageReference;
			repositoryURL = "https://github.com/pointfreeco/swift-case-paths";
			requirement = {
				kind = upToNextMajorVersion;
				minimumVersion = 1.7.2;
			};
		};
		9476AE002F253598001C0015 /* XCRemoteSwiftPackageReference "swift-navigation" */ = {
			isa = XCRemoteSwiftPackageReference;
			repositoryURL = "https://github.com/pointfreeco/swift-navigation";
			requirement = {
				kind = upToNextMajorVersion;
				minimumVersion = 2.6.0;
			};
		};
		94DC69872EDCB06E0078320F /* XCRemoteSwiftPackageReference "sqlite-data" */ = {
			isa = XCRemoteSwiftPackageReference;
			repositoryURL = "https://github.com/pointfreeco/sqlite-data";
			requirement = {
				kind = upToNextMajorVersion;
				minimumVersion = 1.5.0;
			};
		};
		94DC699A2F0000000078320F /* XCRemoteSwiftPackageReference "swift-composable-architecture" */ = {
			isa = XCRemoteSwiftPackageReference;
			repositoryURL = "https://github.com/pointfreeco/swift-composable-architecture";
			requirement = {
				kind = upToNextMajorVersion;
				minimumVersion = 1.23.1;
			};
		};
/* End XCRemoteSwiftPackageReference section */

/* Begin XCSwiftPackageProductDependency section */
		9476ADF82F25348C001C0015 /* CasePaths */ = {
			isa = XCSwiftPackageProductDependency;
			package = 9476ADF62F2532A7001C0015 /* XCRemoteSwiftPackageReference "swift-case-paths" */;
			productName = CasePaths;
		};
		9476AE012F253632001C0015 /* SwiftNavigation */ = {
			isa = XCSwiftPackageProductDependency;
			package = 9476AE002F253598001C0015 /* XCRemoteSwiftPackageReference "swift-navigation" */;
			productName = SwiftNavigation;
		};
		94DC69882EDCB06E0078320F /* SQLiteData */ = {
			isa = XCSwiftPackageProductDependency;
			package = 94DC69872EDCB06E0078320F /* XCRemoteSwiftPackageReference "sqlite-data" */;
			productName = SQLiteData;
		};
		94DC698A2EDCB06E0078320F /* SQLiteDataTestSupport */ = {
			isa = XCSwiftPackageProductDependency;
			package = 94DC69872EDCB06E0078320F /* XCRemoteSwiftPackageReference "sqlite-data" */;
			productName = SQLiteDataTestSupport;
		};
		94DC699B2F0000000078320F /* ComposableArchitecture */ = {
			isa = XCSwiftPackageProductDependency;
			package = 94DC699A2F0000000078320F /* XCRemoteSwiftPackageReference "swift-composable-architecture" */;
			productName = ComposableArchitecture;
		};
/* End XCSwiftPackageProductDependency section */
	};
	rootObject = 94DC68C12EDCAEC00078320F /* Project object */;
}
