// !$*UTF8*$!
{
	archiveVersion = 1;
	classes = {
	};
	objectVersion = 77;
	objects = {

/* Begin PBXBuildFile section */
		1E7897FF325040FAB88F4D3E /* StructuredQueries in Frameworks */ = {isa = PBXBuildFile; productRef = 377E65324D0C4B118A946EEA /* StructuredQueries */; };
		2F037933E8CA4E7AAFFFA747 /* ConcurrencyExtras in Frameworks */ = {isa = PBXBuildFile; productRef = 4322C53DA11047C39538CD13 /* ConcurrencyExtras */; };
		32A34E2392D640AAACBCC9ED /* GRDB in Frameworks */ = {isa = PBXBuildFile; productRef = 9756EF6902FE41CC9C68AE13 /* GRDB */; };
		3537792A8C0545FCB44A1C7E /* StructuredQueriesCore in Frameworks */ = {isa = PBXBuildFile; productRef = 0C86FB43631C4C069AC99A47 /* StructuredQueriesCore */; };
		4B1494397B214AFDA2F87940 /* Perception in Frameworks */ = {isa = PBXBuildFile; productRef = A30C1F5C9B9E43ECAE15F30A /* Perception */; };
		56133DA03A0642FCA77EF34C /* Clocks in Frameworks */ = {isa = PBXBuildFile; productRef = 05C9F351223E4961A91EEDB5 /* Clocks */; };
		707E5D4E44A342BB9A4776E0 /* IdentifiedCollections in Frameworks */ = {isa = PBXBuildFile; productRef = AAF52D2B42D14634B13A3B8A /* IdentifiedCollections */; };
		94E7FE5A2E7F0B4400FC5984 /* SQLiteData in Frameworks */ = {isa = PBXBuildFile; productRef = 94E7FE592E7F0B4400FC5984 /* SQLiteData */; };
		94E7FE5C2E7F0B4400FC5984 /* SQLiteDataTestSupport in Frameworks */ = {isa = PBXBuildFile; productRef = 94E7FE5B2E7F0B4400FC5984 /* SQLiteDataTestSupport */; };
		9946E78FEC9849AAB72FE8AD /* CustomDump in Frameworks */ = {isa = PBXBuildFile; productRef = 06218A4890D14D0293558AF0 /* CustomDump */; };
		9B94A4C20B0A4019ADEFDB59 /* CombineSchedulers in Frameworks */ = {isa = PBXBuildFile; productRef = 97DA449394A948E3AE756805 /* CombineSchedulers */; };
		B30A1D17083C448F8E3D56C9 /* Sharing in Frameworks */ = {isa = PBXBuildFile; productRef = 5AF2024BEC7A428FAEE300B7 /* Sharing */; };
		B8BC429DC2D24A6BA71C741D /* StructuredQueriesSQLite in Frameworks */ = {isa = PBXBuildFile; productRef = 81F9A8AEEAE04841A213E875 /* StructuredQueriesSQLite */; };
		DD56DB4C75C743759FD6269E /* Dependencies in Frameworks */ = {isa = PBXBuildFile; productRef = 611B4ECF6D2C4D1A9063573E /* Dependencies */; };
		E116584CB3F04C7E85C753A5 /* XCTestDynamicOverlay in Frameworks */ = {isa = PBXBuildFile; productRef = 93DB7E1280E249D7BC8BB4A8 /* XCTestDynamicOverlay */; };
		F55340DDB3734157B0FE95A8 /* StructuredQueriesSQLiteCore in Frameworks */ = {isa = PBXBuildFile; productRef = 77C1EED9456B4A1F9413E5CB /* StructuredQueriesSQLiteCore */; };
		F6833306C4504449949BDE67 /* OrderedCollections in Frameworks */ = {isa = PBXBuildFile; productRef = 47F91017A7314D8D8E068D86 /* OrderedCollections */; };
/* End PBXBuildFile section */

/* Begin PBXContainerItemProxy section */
		94F521E42E7B358700DA1658 /* PBXContainerItemProxy */ = {
			isa = PBXContainerItemProxy;
			containerPortal = 94F521CE2E7B358600DA1658 /* Project object */;
			proxyType = 1;
			remoteGlobalIDString = 94F521D52E7B358600DA1658;
			remoteInfo = Auralyst;
		};
		94F521EE2E7B358700DA1658 /* PBXContainerItemProxy */ = {
			isa = PBXContainerItemProxy;
			containerPortal = 94F521CE2E7B358600DA1658 /* Project object */;
			proxyType = 1;
			remoteGlobalIDString = 94F521D52E7B358600DA1658;
			remoteInfo = Auralyst;
		};
/* End PBXContainerItemProxy section */

/* Begin PBXFileReference section */
		94F521D62E7B358600DA1658 /* Auralyst.app */ = {isa = PBXFileReference; explicitFileType = wrapper.application; includeInIndex = 0; path = Auralyst.app; sourceTree = BUILT_PRODUCTS_DIR; };
		94F521E32E7B358700DA1658 /* AuralystTests.xctest */ = {isa = PBXFileReference; explicitFileType = wrapper.cfbundle; includeInIndex = 0; path = AuralystTests.xctest; sourceTree = BUILT_PRODUCTS_DIR; };
		94F521ED2E7B358700DA1658 /* AuralystUITests.xctest */ = {isa = PBXFileReference; explicitFileType = wrapper.cfbundle; includeInIndex = 0; path = AuralystUITests.xctest; sourceTree = BUILT_PRODUCTS_DIR; };
/* End PBXFileReference section */

/* Begin PBXFileSystemSynchronizedBuildFileExceptionSet section */
		94E7FE182E7B956000FC5984 /* Exceptions for "Auralyst" folder in "Auralyst" target */ = {
			isa = PBXFileSystemSynchronizedBuildFileExceptionSet;
			membershipExceptions = (
				Info.plist,
			);
			target = 94F521D52E7B358600DA1658 /* Auralyst */;
		};
/* End PBXFileSystemSynchronizedBuildFileExceptionSet section */

/* Begin PBXFileSystemSynchronizedRootGroup section */
		94F521D82E7B358600DA1658 /* Auralyst */ = {
			isa = PBXFileSystemSynchronizedRootGroup;
			exceptions = (
				94E7FE182E7B956000FC5984 /* Exceptions for "Auralyst" folder in "Auralyst" target */,
			);
			explicitFileTypes = {
				"SQLiteDataDocs/Comparison with SwiftData.md" = net.daringfireball.markdown;
				"SQLiteDataDocs/Dynamic queries.md" = net.daringfireball.markdown;
				"SQLiteDataDocs/Fetching model data.md" = net.daringfireball.markdown;
				"SQLiteDataDocs/Getting started with CloudKit.md" = net.daringfireball.markdown;
				"SQLiteDataDocs/Observing changes to model data.md" = net.daringfireball.markdown;
				"SQLiteDataDocs/Preparing a SQLite database.md" = net.daringfireball.markdown;
				SQLiteDataDocs/SQLiteData.md = net.daringfireball.markdown;
				"SQLiteDataDocs/Sharing data with other iCloud users.md" = net.daringfireball.markdown;
			};
			path = Auralyst;
			sourceTree = "<group>";
		};
		94F521E62E7B358700DA1658 /* AuralystTests */ = {
			isa = PBXFileSystemSynchronizedRootGroup;
			path = AuralystTests;
			sourceTree = "<group>";
		};
		94F521F02E7B358700DA1658 /* AuralystUITests */ = {
			isa = PBXFileSystemSynchronizedRootGroup;
			path = AuralystUITests;
			sourceTree = "<group>";
		};
/* End PBXFileSystemSynchronizedRootGroup section */

/* Begin PBXFrameworksBuildPhase section */
		94F521D32E7B358600DA1658 /* Frameworks */ = {
			isa = PBXFrameworksBuildPhase;
			buildActionMask = 2147483647;
			files = (
				94E7FE5A2E7F0B4400FC5984 /* SQLiteData in Frameworks */,
				9B94A4C20B0A4019ADEFDB59 /* CombineSchedulers in Frameworks */,
				56133DA03A0642FCA77EF34C /* Clocks in Frameworks */,
				F6833306C4504449949BDE67 /* OrderedCollections in Frameworks */,
				2F037933E8CA4E7AAFFFA747 /* ConcurrencyExtras in Frameworks */,
				9946E78FEC9849AAB72FE8AD /* CustomDump in Frameworks */,
				DD56DB4C75C743759FD6269E /* Dependencies in Frameworks */,
				707E5D4E44A342BB9A4776E0 /* IdentifiedCollections in Frameworks */,
				4B1494397B214AFDA2F87940 /* Perception in Frameworks */,
				B30A1D17083C448F8E3D56C9 /* Sharing in Frameworks */,
				1E7897FF325040FAB88F4D3E /* StructuredQueries in Frameworks */,
				3537792A8C0545FCB44A1C7E /* StructuredQueriesCore in Frameworks */,
				B8BC429DC2D24A6BA71C741D /* StructuredQueriesSQLite in Frameworks */,
				F55340DDB3734157B0FE95A8 /* StructuredQueriesSQLiteCore in Frameworks */,
				32A34E2392D640AAACBCC9ED /* GRDB in Frameworks */,
				E116584CB3F04C7E85C753A5 /* XCTestDynamicOverlay in Frameworks */,
			);
			runOnlyForDeploymentPostprocessing = 0;
		};
		94F521E02E7B358700DA1658 /* Frameworks */ = {
			isa = PBXFrameworksBuildPhase;
			buildActionMask = 2147483647;
			files = (
				94E7FE5C2E7F0B4400FC5984 /* SQLiteDataTestSupport in Frameworks */,
			);
			runOnlyForDeploymentPostprocessing = 0;
		};
		94F521EA2E7B358700DA1658 /* Frameworks */ = {
			isa = PBXFrameworksBuildPhase;
			buildActionMask = 2147483647;
			files = (
			);
			runOnlyForDeploymentPostprocessing = 0;
		};
/* End PBXFrameworksBuildPhase section */

/* Begin PBXGroup section */
		94F521CD2E7B358600DA1658 = {
			isa = PBXGroup;
			children = (
				94F521D82E7B358600DA1658 /* Auralyst */,
				94F521E62E7B358700DA1658 /* AuralystTests */,
				94F521F02E7B358700DA1658 /* AuralystUITests */,
				94F521D72E7B358600DA1658 /* Products */,
			);
			sourceTree = "<group>";
		};
		94F521D72E7B358600DA1658 /* Products */ = {
			isa = PBXGroup;
			children = (
				94F521D62E7B358600DA1658 /* Auralyst.app */,
				94F521E32E7B358700DA1658 /* AuralystTests.xctest */,
				94F521ED2E7B358700DA1658 /* AuralystUITests.xctest */,
			);
			name = Products;
			sourceTree = "<group>";
		};
/* End PBXGroup section */

/* Begin PBXNativeTarget section */
		94F521D52E7B358600DA1658 /* Auralyst */ = {
			isa = PBXNativeTarget;
			buildConfigurationList = 94F521F72E7B358700DA1658 /* Build configuration list for PBXNativeTarget "Auralyst" */;
			buildPhases = (
				94F521D22E7B358600DA1658 /* Sources */,
				94F521D32E7B358600DA1658 /* Frameworks */,
				94F521D42E7B358600DA1658 /* Resources */,
			);
			buildRules = (
			);
			dependencies = (
			);
			fileSystemSynchronizedGroups = (
				94F521D82E7B358600DA1658 /* Auralyst */,
			);
			name = Auralyst;
			packageProductDependencies = (
				94E7FE592E7F0B4400FC5984 /* SQLiteData */,
				97DA449394A948E3AE756805 /* CombineSchedulers */,
				05C9F351223E4961A91EEDB5 /* Clocks */,
				47F91017A7314D8D8E068D86 /* OrderedCollections */,
				4322C53DA11047C39538CD13 /* ConcurrencyExtras */,
				06218A4890D14D0293558AF0 /* CustomDump */,
				611B4ECF6D2C4D1A9063573E /* Dependencies */,
				AAF52D2B42D14634B13A3B8A /* IdentifiedCollections */,
				A30C1F5C9B9E43ECAE15F30A /* Perception */,
				5AF2024BEC7A428FAEE300B7 /* Sharing */,
				377E65324D0C4B118A946EEA /* StructuredQueries */,
				0C86FB43631C4C069AC99A47 /* StructuredQueriesCore */,
				81F9A8AEEAE04841A213E875 /* StructuredQueriesSQLite */,
				77C1EED9456B4A1F9413E5CB /* StructuredQueriesSQLiteCore */,
				9756EF6902FE41CC9C68AE13 /* GRDB */,
				93DB7E1280E249D7BC8BB4A8 /* XCTestDynamicOverlay */,
			);
			productName = Auralyst;
			productReference = 94F521D62E7B358600DA1658 /* Auralyst.app */;
			productType = "com.apple.product-type.application";
		};
		94F521E22E7B358700DA1658 /* AuralystTests */ = {
			isa = PBXNativeTarget;
			buildConfigurationList = 94F521FA2E7B358700DA1658 /* Build configuration list for PBXNativeTarget "AuralystTests" */;
			buildPhases = (
				94F521DF2E7B358700DA1658 /* Sources */,
				94F521E02E7B358700DA1658 /* Frameworks */,
				94F521E12E7B358700DA1658 /* Resources */,
			);
			buildRules = (
			);
			dependencies = (
				94F521E52E7B358700DA1658 /* PBXTargetDependency */,
			);
			fileSystemSynchronizedGroups = (
				94F521E62E7B358700DA1658 /* AuralystTests */,
			);
			name = AuralystTests;
			packageProductDependencies = (
				94E7FE5B2E7F0B4400FC5984 /* SQLiteDataTestSupport */,
			);
			productName = AuralystTests;
			productReference = 94F521E32E7B358700DA1658 /* AuralystTests.xctest */;
			productType = "com.apple.product-type.bundle.unit-test";
		};
		94F521EC2E7B358700DA1658 /* AuralystUITests */ = {
			isa = PBXNativeTarget;
			buildConfigurationList = 94F521FD2E7B358700DA1658 /* Build configuration list for PBXNativeTarget "AuralystUITests" */;
			buildPhases = (
				94F521E92E7B358700DA1658 /* Sources */,
				94F521EA2E7B358700DA1658 /* Frameworks */,
				94F521EB2E7B358700DA1658 /* Resources */,
			);
			buildRules = (
			);
			dependencies = (
				94F521EF2E7B358700DA1658 /* PBXTargetDependency */,
			);
			fileSystemSynchronizedGroups = (
				94F521F02E7B358700DA1658 /* AuralystUITests */,
			);
			name = AuralystUITests;
			packageProductDependencies = (
			);
			productName = AuralystUITests;
			productReference = 94F521ED2E7B358700DA1658 /* AuralystUITests.xctest */;
			productType = "com.apple.product-type.bundle.ui-testing";
		};
/* End PBXNativeTarget section */

/* Begin PBXProject section */
		94F521CE2E7B358600DA1658 /* Project object */ = {
			isa = PBXProject;
			attributes = {
				BuildIndependentTargetsInParallel = 1;
				LastSwiftUpdateCheck = 2600;
				LastUpgradeCheck = 2600;
				TargetAttributes = {
					94F521D52E7B358600DA1658 = {
						CreatedOnToolsVersion = 26.0;
					};
					94F521E22E7B358700DA1658 = {
						CreatedOnToolsVersion = 26.0;
						TestTargetID = 94F521D52E7B358600DA1658;
					};
					94F521EC2E7B358700DA1658 = {
						CreatedOnToolsVersion = 26.0;
						TestTargetID = 94F521D52E7B358600DA1658;
					};
				};
			};
			buildConfigurationList = 94F521D12E7B358600DA1658 /* Build configuration list for PBXProject "Auralyst" */;
			developmentRegion = en;
			hasScannedForEncodings = 0;
			knownRegions = (
				en,
				Base,
			);
			mainGroup = 94F521CD2E7B358600DA1658;
			minimizedProjectReferenceProxies = 1;
			packageReferences = (
				94E7FE582E7F0B4400FC5984 /* XCRemoteSwiftPackageReference "sqlite-data" */,
				400B80F572214F43B9E2F725 /* XCRemoteSwiftPackageReference "combine-schedulers" */,
				6695A1D0CF824048BE7178EA /* XCRemoteSwiftPackageReference "swift-clocks" */,
				318D46169A6446C49D5D51B1 /* XCRemoteSwiftPackageReference "swift-collections" */,
				23A0F0EE38E94B1AAA7ED122 /* XCRemoteSwiftPackageReference "swift-concurrency-extras" */,
				4B745391AF6142C589C0C8F0 /* XCRemoteSwiftPackageReference "swift-custom-dump" */,
				56108AA942D14934A20C9720 /* XCRemoteSwiftPackageReference "swift-dependencies" */,
				54A154E0C4994C2E9B015205 /* XCRemoteSwiftPackageReference "swift-identified-collections" */,
				37221A7D0D234AE195D55004 /* XCRemoteSwiftPackageReference "swift-perception" */,
				F719FD0EEEA54FAC86521C1B /* XCRemoteSwiftPackageReference "swift-sharing" */,
				62A7D8E728004DB5838A525D /* XCRemoteSwiftPackageReference "swift-structured-queries" */,
				5A1546E6EE2F41469AD15965 /* XCRemoteSwiftPackageReference "GRDB" */,
				98DF3E0E5D4F41C5A4CB4EF9 /* XCRemoteSwiftPackageReference "xctest-dynamic-overlay" */,
			);
			preferredProjectObjectVersion = 77;
			productRefGroup = 94F521D72E7B358600DA1658 /* Products */;
			projectDirPath = "";
			projectRoot = "";
			targets = (
				94F521D52E7B358600DA1658 /* Auralyst */,
				94F521E22E7B358700DA1658 /* AuralystTests */,
				94F521EC2E7B358700DA1658 /* AuralystUITests */,
			);
		};
/* End PBXProject section */

/* Begin PBXResourcesBuildPhase section */
		94F521D42E7B358600DA1658 /* Resources */ = {
			isa = PBXResourcesBuildPhase;
			buildActionMask = 2147483647;
			files = (
			);
			runOnlyForDeploymentPostprocessing = 0;
		};
		94F521E12E7B358700DA1658 /* Resources */ = {
			isa = PBXResourcesBuildPhase;
			buildActionMask = 2147483647;
			files = (
			);
			runOnlyForDeploymentPostprocessing = 0;
		};
		94F521EB2E7B358700DA1658 /* Resources */ = {
			isa = PBXResourcesBuildPhase;
			buildActionMask = 2147483647;
			files = (
			);
			runOnlyForDeploymentPostprocessing = 0;
		};
/* End PBXResourcesBuildPhase section */

/* Begin PBXSourcesBuildPhase section */
		94F521D22E7B358600DA1658 /* Sources */ = {
			isa = PBXSourcesBuildPhase;
			buildActionMask = 2147483647;
			files = (
			);
			runOnlyForDeploymentPostprocessing = 0;
		};
		94F521DF2E7B358700DA1658 /* Sources */ = {
			isa = PBXSourcesBuildPhase;
			buildActionMask = 2147483647;
			files = (
			);
			runOnlyForDeploymentPostprocessing = 0;
		};
		94F521E92E7B358700DA1658 /* Sources */ = {
			isa = PBXSourcesBuildPhase;
			buildActionMask = 2147483647;
			files = (
			);
			runOnlyForDeploymentPostprocessing = 0;
		};
/* End PBXSourcesBuildPhase section */

/* Begin PBXTargetDependency section */
		94F521E52E7B358700DA1658 /* PBXTargetDependency */ = {
			isa = PBXTargetDependency;
			target = 94F521D52E7B358600DA1658 /* Auralyst */;
			targetProxy = 94F521E42E7B358700DA1658 /* PBXContainerItemProxy */;
		};
		94F521EF2E7B358700DA1658 /* PBXTargetDependency */ = {
			isa = PBXTargetDependency;
			target = 94F521D52E7B358600DA1658 /* Auralyst */;
			targetProxy = 94F521EE2E7B358700DA1658 /* PBXContainerItemProxy */;
		};
/* End PBXTargetDependency section */

/* Begin XCBuildConfiguration section */
		94F521F52E7B358700DA1658 /* Debug */ = {
			isa = XCBuildConfiguration;
			buildSettings = {
				ALWAYS_SEARCH_USER_PATHS = NO;
				ASSETCATALOG_COMPILER_GENERATE_SWIFT_ASSET_SYMBOL_EXTENSIONS = YES;
				CLANG_ANALYZER_NONNULL = YES;
				CLANG_ANALYZER_NUMBER_OBJECT_CONVERSION = YES_AGGRESSIVE;
				CLANG_CXX_LANGUAGE_STANDARD = "gnu++20";
				CLANG_ENABLE_MODULES = YES;
				CLANG_ENABLE_OBJC_ARC = YES;
				CLANG_ENABLE_OBJC_WEAK = YES;
				CLANG_WARN_BLOCK_CAPTURE_AUTORELEASING = YES;
				CLANG_WARN_BOOL_CONVERSION = YES;
				CLANG_WARN_COMMA = YES;
				CLANG_WARN_CONSTANT_CONVERSION = YES;
				CLANG_WARN_DEPRECATED_OBJC_IMPLEMENTATIONS = YES;
				CLANG_WARN_DIRECT_OBJC_ISA_USAGE = YES_ERROR;
				CLANG_WARN_DOCUMENTATION_COMMENTS = YES;
				CLANG_WARN_EMPTY_BODY = YES;
				CLANG_WARN_ENUM_CONVERSION = YES;
				CLANG_WARN_INFINITE_RECURSION = YES;
				CLANG_WARN_INT_CONVERSION = YES;
				CLANG_WARN_NON_LITERAL_NULL_CONVERSION = YES;
				CLANG_WARN_OBJC_IMPLICIT_RETAIN_SELF = YES;
				CLANG_WARN_OBJC_LITERAL_CONVERSION = YES;
				CLANG_WARN_OBJC_ROOT_CLASS = YES_ERROR;
				CLANG_WARN_QUOTED_INCLUDE_IN_FRAMEWORK_HEADER = YES;
				CLANG_WARN_RANGE_LOOP_ANALYSIS = YES;
				CLANG_WARN_STRICT_PROTOTYPES = YES;
				CLANG_WARN_SUSPICIOUS_MOVE = YES;
				CLANG_WARN_UNGUARDED_AVAILABILITY = YES_AGGRESSIVE;
				CLANG_WARN_UNREACHABLE_CODE = YES;
				CLANG_WARN__DUPLICATE_METHOD_MATCH = YES;
				COPY_PHASE_STRIP = NO;
				DEBUG_INFORMATION_FORMAT = dwarf;
				DEVELOPMENT_TEAM = 777XX46HDU;
				ENABLE_STRICT_OBJC_MSGSEND = YES;
				ENABLE_TESTABILITY = YES;
				ENABLE_USER_SCRIPT_SANDBOXING = YES;
				GCC_C_LANGUAGE_STANDARD = gnu17;
				GCC_DYNAMIC_NO_PIC = NO;
				GCC_NO_COMMON_BLOCKS = YES;
				GCC_OPTIMIZATION_LEVEL = 0;
				GCC_PREPROCESSOR_DEFINITIONS = (
					"DEBUG=1",
					"$(inherited)",
				);
				GCC_WARN_64_TO_32_BIT_CONVERSION = YES;
				GCC_WARN_ABOUT_RETURN_TYPE = YES_ERROR;
				GCC_WARN_UNDECLARED_SELECTOR = YES;
				GCC_WARN_UNINITIALIZED_AUTOS = YES_AGGRESSIVE;
				GCC_WARN_UNUSED_FUNCTION = YES;
				GCC_WARN_UNUSED_VARIABLE = YES;
				LOCALIZATION_PREFERS_STRING_CATALOGS = YES;
				MTL_ENABLE_DEBUG_INFO = INCLUDE_SOURCE;
				MTL_FAST_MATH = YES;
				ONLY_ACTIVE_ARCH = YES;
				SWIFT_ACTIVE_COMPILATION_CONDITIONS = "DEBUG $(inherited)";
				SWIFT_OPTIMIZATION_LEVEL = "-Onone";
			};
			name = Debug;
		};
		94F521F62E7B358700DA1658 /* Release */ = {
			isa = XCBuildConfiguration;
			buildSettings = {
				ALWAYS_SEARCH_USER_PATHS = NO;
				ASSETCATALOG_COMPILER_GENERATE_SWIFT_ASSET_SYMBOL_EXTENSIONS = YES;
				CLANG_ANALYZER_NONNULL = YES;
				CLANG_ANALYZER_NUMBER_OBJECT_CONVERSION = YES_AGGRESSIVE;
				CLANG_CXX_LANGUAGE_STANDARD = "gnu++20";
				CLANG_ENABLE_MODULES = YES;
				CLANG_ENABLE_OBJC_ARC = YES;
				CLANG_ENABLE_OBJC_WEAK = YES;
				CLANG_WARN_BLOCK_CAPTURE_AUTORELEASING = YES;
				CLANG_WARN_BOOL_CONVERSION = YES;
				CLANG_WARN_COMMA = YES;
				CLANG_WARN_CONSTANT_CONVERSION = YES;
				CLANG_WARN_DEPRECATED_OBJC_IMPLEMENTATIONS = YES;
				CLANG_WARN_DIRECT_OBJC_ISA_USAGE = YES_ERROR;
				CLANG_WARN_DOCUMENTATION_COMMENTS = YES;
				CLANG_WARN_EMPTY_BODY = YES;
				CLANG_WARN_ENUM_CONVERSION = YES;
				CLANG_WARN_INFINITE_RECURSION = YES;
				CLANG_WARN_INT_CONVERSION = YES;
				CLANG_WARN_NON_LITERAL_NULL_CONVERSION = YES;
				CLANG_WARN_OBJC_IMPLICIT_RETAIN_SELF = YES;
				CLANG_WARN_OBJC_LITERAL_CONVERSION = YES;
				CLANG_WARN_OBJC_ROOT_CLASS = YES_ERROR;
				CLANG_WARN_QUOTED_INCLUDE_IN_FRAMEWORK_HEADER = YES;
				CLANG_WARN_RANGE_LOOP_ANALYSIS = YES;
				CLANG_WARN_STRICT_PROTOTYPES = YES;
				CLANG_WARN_SUSPICIOUS_MOVE = YES;
				CLANG_WARN_UNGUARDED_AVAILABILITY = YES_AGGRESSIVE;
				CLANG_WARN_UNREACHABLE_CODE = YES;
				CLANG_WARN__DUPLICATE_METHOD_MATCH = YES;
				COPY_PHASE_STRIP = NO;
				DEBUG_INFORMATION_FORMAT = "dwarf-with-dsym";
				DEVELOPMENT_TEAM = 777XX46HDU;
				ENABLE_NS_ASSERTIONS = NO;
				ENABLE_STRICT_OBJC_MSGSEND = YES;
				ENABLE_USER_SCRIPT_SANDBOXING = YES;
				GCC_C_LANGUAGE_STANDARD = gnu17;
				GCC_NO_COMMON_BLOCKS = YES;
				GCC_WARN_64_TO_32_BIT_CONVERSION = YES;
				GCC_WARN_ABOUT_RETURN_TYPE = YES_ERROR;
				GCC_WARN_UNDECLARED_SELECTOR = YES;
				GCC_WARN_UNINITIALIZED_AUTOS = YES_AGGRESSIVE;
				GCC_WARN_UNUSED_FUNCTION = YES;
				GCC_WARN_UNUSED_VARIABLE = YES;
				LOCALIZATION_PREFERS_STRING_CATALOGS = YES;
				MTL_ENABLE_DEBUG_INFO = NO;
				MTL_FAST_MATH = YES;
				SWIFT_COMPILATION_MODE = wholemodule;
			};
			name = Release;
		};
		94F521F82E7B358700DA1658 /* Debug */ = {
			isa = XCBuildConfiguration;
			buildSettings = {
				ASSETCATALOG_COMPILER_APPICON_NAME = AppIcon;
				ASSETCATALOG_COMPILER_GLOBAL_ACCENT_COLOR_NAME = AccentColor;
				CODE_SIGN_ENTITLEMENTS = Auralyst/Auralyst.entitlements;
				CODE_SIGN_STYLE = Automatic;
				CURRENT_PROJECT_VERSION = 1;
				DEVELOPMENT_TEAM = 777XX46HDU;
				ENABLE_APP_SANDBOX = YES;
				ENABLE_HARDENED_RUNTIME = YES;
				ENABLE_PREVIEWS = YES;
				ENABLE_USER_SELECTED_FILES = readonly;
				"EXCLUDED_ARCHS[sdk=iphonesimulator*]" = x86_64;
				"EXCLUDED_SOURCE_FILE_NAMES[sdk=macosx*]" = LaunchScreen.storyboard;
				GENERATE_INFOPLIST_FILE = YES;
				INFOPLIST_FILE = Auralyst/Info.plist;
				"INFOPLIST_KEY_UIApplicationSceneManifest_Generation[sdk=iphoneos*]" = YES;
				"INFOPLIST_KEY_UIApplicationSceneManifest_Generation[sdk=iphonesimulator*]" = YES;
				"INFOPLIST_KEY_UIApplicationSupportsIndirectInputEvents[sdk=iphoneos*]" = YES;
				"INFOPLIST_KEY_UIApplicationSupportsIndirectInputEvents[sdk=iphonesimulator*]" = YES;
				"INFOPLIST_KEY_UILaunchScreen_Generation[sdk=iphoneos*]" = YES;
				"INFOPLIST_KEY_UILaunchScreen_Generation[sdk=iphonesimulator*]" = YES;
				INFOPLIST_KEY_UILaunchStoryboardName = "";
				"INFOPLIST_KEY_UILaunchStoryboardName[sdk=macosx*]" = "";
				"INFOPLIST_KEY_UIStatusBarStyle[sdk=iphoneos*]" = UIStatusBarStyleDefault;
				"INFOPLIST_KEY_UIStatusBarStyle[sdk=iphonesimulator*]" = UIStatusBarStyleDefault;
				INFOPLIST_KEY_UISupportedInterfaceOrientations_iPad = "UIInterfaceOrientationPortrait UIInterfaceOrientationPortraitUpsideDown UIInterfaceOrientationLandscapeLeft UIInterfaceOrientationLandscapeRight";
				INFOPLIST_KEY_UISupportedInterfaceOrientations_iPhone = "UIInterfaceOrientationPortrait UIInterfaceOrientationLandscapeLeft UIInterfaceOrientationLandscapeRight";
				IPHONEOS_DEPLOYMENT_TARGET = 17.6;
				LD_RUNPATH_SEARCH_PATHS = "@executable_path/Frameworks";
				"LD_RUNPATH_SEARCH_PATHS[sdk=macosx*]" = "@executable_path/../Frameworks";
				MACOSX_DEPLOYMENT_TARGET = 26.0;
				MARKETING_VERSION = 1.0;
				PRODUCT_BUNDLE_IDENTIFIER = com.ryanleewilliams.Auralyst;
				PRODUCT_NAME = "$(TARGET_NAME)";
				REGISTER_APP_GROUPS = YES;
				SDKROOT = auto;
				STRING_CATALOG_GENERATE_SYMBOLS = YES;
				SUPPORTED_PLATFORMS = "iphoneos iphonesimulator maccatalyst";
				SUPPORTS_MACCATALYST = YES;
				SWIFT_APPROACHABLE_CONCURRENCY = YES;
				SWIFT_DEFAULT_ACTOR_ISOLATION = MainActor;
				SWIFT_EMIT_LOC_STRINGS = YES;
				SWIFT_UPCOMING_FEATURE_MEMBER_IMPORT_VISIBILITY = YES;
				SWIFT_VERSION = 5.0;
				TARGETED_DEVICE_FAMILY = "1,2,7";
				XROS_DEPLOYMENT_TARGET = 26.0;
			};
			name = Debug;
		};
		94F521F92E7B358700DA1658 /* Release */ = {
			isa = XCBuildConfiguration;
			buildSettings = {
				ASSETCATALOG_COMPILER_APPICON_NAME = AppIcon;
				ASSETCATALOG_COMPILER_GLOBAL_ACCENT_COLOR_NAME = AccentColor;
				CODE_SIGN_ENTITLEMENTS = Auralyst/Auralyst.entitlements;
				CODE_SIGN_STYLE = Automatic;
				CURRENT_PROJECT_VERSION = 1;
				DEVELOPMENT_TEAM = 777XX46HDU;
				ENABLE_APP_SANDBOX = YES;
				ENABLE_HARDENED_RUNTIME = YES;
				ENABLE_PREVIEWS = YES;
				ENABLE_USER_SELECTED_FILES = readonly;
				"EXCLUDED_ARCHS[sdk=iphonesimulator*]" = x86_64;
				"EXCLUDED_SOURCE_FILE_NAMES[sdk=macosx*]" = LaunchScreen.storyboard;
				GENERATE_INFOPLIST_FILE = YES;
				INFOPLIST_FILE = Auralyst/Info.plist;
				"INFOPLIST_KEY_UIApplicationSceneManifest_Generation[sdk=iphoneos*]" = YES;
				"INFOPLIST_KEY_UIApplicationSceneManifest_Generation[sdk=iphonesimulator*]" = YES;
				"INFOPLIST_KEY_UIApplicationSupportsIndirectInputEvents[sdk=iphoneos*]" = YES;
				"INFOPLIST_KEY_UIApplicationSupportsIndirectInputEvents[sdk=iphonesimulator*]" = YES;
				"INFOPLIST_KEY_UILaunchScreen_Generation[sdk=iphoneos*]" = YES;
				"INFOPLIST_KEY_UILaunchScreen_Generation[sdk=iphonesimulator*]" = YES;
				INFOPLIST_KEY_UILaunchStoryboardName = "";
				"INFOPLIST_KEY_UILaunchStoryboardName[sdk=macosx*]" = "";
				"INFOPLIST_KEY_UIStatusBarStyle[sdk=iphoneos*]" = UIStatusBarStyleDefault;
				"INFOPLIST_KEY_UIStatusBarStyle[sdk=iphonesimulator*]" = UIStatusBarStyleDefault;
				INFOPLIST_KEY_UISupportedInterfaceOrientations_iPad = "UIInterfaceOrientationPortrait UIInterfaceOrientationPortraitUpsideDown UIInterfaceOrientationLandscapeLeft UIInterfaceOrientationLandscapeRight";
				INFOPLIST_KEY_UISupportedInterfaceOrientations_iPhone = "UIInterfaceOrientationPortrait UIInterfaceOrientationLandscapeLeft UIInterfaceOrientationLandscapeRight";
				IPHONEOS_DEPLOYMENT_TARGET = 17.6;
				LD_RUNPATH_SEARCH_PATHS = "@executable_path/Frameworks";
				"LD_RUNPATH_SEARCH_PATHS[sdk=macosx*]" = "@executable_path/../Frameworks";
				MACOSX_DEPLOYMENT_TARGET = 26.0;
				MARKETING_VERSION = 1.0;
				PRODUCT_BUNDLE_IDENTIFIER = com.ryanleewilliams.Auralyst;
				PRODUCT_NAME = "$(TARGET_NAME)";
				REGISTER_APP_GROUPS = YES;
				SDKROOT = auto;
				STRING_CATALOG_GENERATE_SYMBOLS = YES;
				SUPPORTED_PLATFORMS = "iphoneos iphonesimulator maccatalyst";
				SUPPORTS_MACCATALYST = YES;
				SWIFT_APPROACHABLE_CONCURRENCY = YES;
				SWIFT_DEFAULT_ACTOR_ISOLATION = MainActor;
				SWIFT_EMIT_LOC_STRINGS = YES;
				SWIFT_UPCOMING_FEATURE_MEMBER_IMPORT_VISIBILITY = YES;
				SWIFT_VERSION = 5.0;
				TARGETED_DEVICE_FAMILY = "1,2,7";
				XROS_DEPLOYMENT_TARGET = 26.0;
			};
			name = Release;
		};
		94F521FB2E7B358700DA1658 /* Debug */ = {
			isa = XCBuildConfiguration;
			buildSettings = {
				BUNDLE_LOADER = "$(TEST_HOST)";
				CODE_SIGN_STYLE = Automatic;
				CURRENT_PROJECT_VERSION = 1;
				DEVELOPMENT_TEAM = 777XX46HDU;
				GENERATE_INFOPLIST_FILE = YES;
				IPHONEOS_DEPLOYMENT_TARGET = 17.6;
				MACOSX_DEPLOYMENT_TARGET = 26.0;
				MARKETING_VERSION = 1.0;
				PRODUCT_BUNDLE_IDENTIFIER = com.ryanleewilliams.AuralystTests;
				PRODUCT_NAME = "$(TARGET_NAME)";
				SDKROOT = auto;
				STRING_CATALOG_GENERATE_SYMBOLS = NO;
				SUPPORTED_PLATFORMS = "iphoneos iphonesimulator maccatalyst";
				SWIFT_APPROACHABLE_CONCURRENCY = YES;
				SWIFT_EMIT_LOC_STRINGS = NO;
				SWIFT_UPCOMING_FEATURE_MEMBER_IMPORT_VISIBILITY = YES;
				SWIFT_VERSION = 5.0;
				TARGETED_DEVICE_FAMILY = "1,2,7";
				TEST_HOST = "$(BUILT_PRODUCTS_DIR)/Auralyst.app/$(BUNDLE_EXECUTABLE_FOLDER_PATH)/Auralyst";
				XROS_DEPLOYMENT_TARGET = 26.0;
			};
			name = Debug;
		};
		94F521FC2E7B358700DA1658 /* Release */ = {
			isa = XCBuildConfiguration;
			buildSettings = {
				BUNDLE_LOADER = "$(TEST_HOST)";
				CODE_SIGN_STYLE = Automatic;
				CURRENT_PROJECT_VERSION = 1;
				DEVELOPMENT_TEAM = 777XX46HDU;
				GENERATE_INFOPLIST_FILE = YES;
				IPHONEOS_DEPLOYMENT_TARGET = 17.6;
				MACOSX_DEPLOYMENT_TARGET = 26.0;
				MARKETING_VERSION = 1.0;
				PRODUCT_BUNDLE_IDENTIFIER = com.ryanleewilliams.AuralystTests;
				PRODUCT_NAME = "$(TARGET_NAME)";
				SDKROOT = auto;
				STRING_CATALOG_GENERATE_SYMBOLS = NO;
				SUPPORTED_PLATFORMS = "iphoneos iphonesimulator maccatalyst";
				SWIFT_APPROACHABLE_CONCURRENCY = YES;
				SWIFT_EMIT_LOC_STRINGS = NO;
				SWIFT_UPCOMING_FEATURE_MEMBER_IMPORT_VISIBILITY = YES;
				SWIFT_VERSION = 5.0;
				TARGETED_DEVICE_FAMILY = "1,2,7";
				TEST_HOST = "$(BUILT_PRODUCTS_DIR)/Auralyst.app/$(BUNDLE_EXECUTABLE_FOLDER_PATH)/Auralyst";
				XROS_DEPLOYMENT_TARGET = 26.0;
			};
			name = Release;
		};
		94F521FE2E7B358700DA1658 /* Debug */ = {
			isa = XCBuildConfiguration;
			buildSettings = {
				CODE_SIGN_STYLE = Automatic;
				CURRENT_PROJECT_VERSION = 1;
				DEVELOPMENT_TEAM = 777XX46HDU;
				GENERATE_INFOPLIST_FILE = YES;
				IPHONEOS_DEPLOYMENT_TARGET = 17.6;
				MACOSX_DEPLOYMENT_TARGET = 15.6;
				MARKETING_VERSION = 1.0;
				PRODUCT_BUNDLE_IDENTIFIER = com.ryanleewilliams.AuralystUITests;
				PRODUCT_NAME = "$(TARGET_NAME)";
				SDKROOT = auto;
				STRING_CATALOG_GENERATE_SYMBOLS = NO;
				SUPPORTED_PLATFORMS = "iphoneos iphonesimulator macosx xros xrsimulator";
				SWIFT_APPROACHABLE_CONCURRENCY = YES;
				SWIFT_EMIT_LOC_STRINGS = NO;
				SWIFT_UPCOMING_FEATURE_MEMBER_IMPORT_VISIBILITY = YES;
				SWIFT_VERSION = 5.0;
				TARGETED_DEVICE_FAMILY = "1,2,7";
				TEST_TARGET_NAME = Auralyst;
				XROS_DEPLOYMENT_TARGET = 2.6;
			};
			name = Debug;
		};
		94F521FF2E7B358700DA1658 /* Release */ = {
			isa = XCBuildConfiguration;
			buildSettings = {
				CODE_SIGN_STYLE = Automatic;
				CURRENT_PROJECT_VERSION = 1;
				DEVELOPMENT_TEAM = 777XX46HDU;
				GENERATE_INFOPLIST_FILE = YES;
				IPHONEOS_DEPLOYMENT_TARGET = 17.6;
				MACOSX_DEPLOYMENT_TARGET = 15.6;
				MARKETING_VERSION = 1.0;
				PRODUCT_BUNDLE_IDENTIFIER = com.ryanleewilliams.AuralystUITests;
				PRODUCT_NAME = "$(TARGET_NAME)";
				SDKROOT = auto;
				STRING_CATALOG_GENERATE_SYMBOLS = NO;
				SUPPORTED_PLATFORMS = "iphoneos iphonesimulator macosx xros xrsimulator";
				SWIFT_APPROACHABLE_CONCURRENCY = YES;
				SWIFT_EMIT_LOC_STRINGS = NO;
				SWIFT_UPCOMING_FEATURE_MEMBER_IMPORT_VISIBILITY = YES;
				SWIFT_VERSION = 5.0;
				TARGETED_DEVICE_FAMILY = "1,2,7";
				TEST_TARGET_NAME = Auralyst;
				XROS_DEPLOYMENT_TARGET = 2.6;
			};
			name = Release;
		};
/* End XCBuildConfiguration section */

/* Begin XCConfigurationList section */
		94F521D12E7B358600DA1658 /* Build configuration list for PBXProject "Auralyst" */ = {
			isa = XCConfigurationList;
			buildConfigurations = (
				94F521F52E7B358700DA1658 /* Debug */,
				94F521F62E7B358700DA1658 /* Release */,
			);
			defaultConfigurationIsVisible = 0;
			defaultConfigurationName = Release;
		};
		94F521F72E7B358700DA1658 /* Build configuration list for PBXNativeTarget "Auralyst" */ = {
			isa = XCConfigurationList;
			buildConfigurations = (
				94F521F82E7B358700DA1658 /* Debug */,
				94F521F92E7B358700DA1658 /* Release */,
			);
			defaultConfigurationIsVisible = 0;
			defaultConfigurationName = Release;
		};
		94F521FA2E7B358700DA1658 /* Build configuration list for PBXNativeTarget "AuralystTests" */ = {
			isa = XCConfigurationList;
			buildConfigurations = (
				94F521FB2E7B358700DA1658 /* Debug */,
				94F521FC2E7B358700DA1658 /* Release */,
			);
			defaultConfigurationIsVisible = 0;
			defaultConfigurationName = Release;
		};
		94F521FD2E7B358700DA1658 /* Build configuration list for PBXNativeTarget "AuralystUITests" */ = {
			isa = XCConfigurationList;
			buildConfigurations = (
				94F521FE2E7B358700DA1658 /* Debug */,
				94F521FF2E7B358700DA1658 /* Release */,
			);
			defaultConfigurationIsVisible = 0;
			defaultConfigurationName = Release;
		};
/* End XCConfigurationList section */

/* Begin XCRemoteSwiftPackageReference section */
		23A0F0EE38E94B1AAA7ED122 /* XCRemoteSwiftPackageReference "swift-concurrency-extras" */ = {
			isa = XCRemoteSwiftPackageReference;
			repositoryURL = "https://github.com/pointfreeco/swift-concurrency-extras";
			requirement = {
				kind = upToNextMajorVersion;
				minimumVersion = 1.3.2;
			};
		};
		318D46169A6446C49D5D51B1 /* XCRemoteSwiftPackageReference "swift-collections" */ = {
			isa = XCRemoteSwiftPackageReference;
			repositoryURL = "https://github.com/apple/swift-collections";
			requirement = {
				kind = upToNextMajorVersion;
				minimumVersion = 1.2.1;
			};
		};
		37221A7D0D234AE195D55004 /* XCRemoteSwiftPackageReference "swift-perception" */ = {
			isa = XCRemoteSwiftPackageReference;
			repositoryURL = "https://github.com/pointfreeco/swift-perception";
			requirement = {
				kind = upToNextMajorVersion;
				minimumVersion = 2.0.8;
			};
		};
		400B80F572214F43B9E2F725 /* XCRemoteSwiftPackageReference "combine-schedulers" */ = {
			isa = XCRemoteSwiftPackageReference;
			repositoryURL = "https://github.com/pointfreeco/combine-schedulers";
			requirement = {
				kind = upToNextMajorVersion;
				minimumVersion = 1.0.3;
			};
		};
		4B745391AF6142C589C0C8F0 /* XCRemoteSwiftPackageReference "swift-custom-dump" */ = {
			isa = XCRemoteSwiftPackageReference;
			repositoryURL = "https://github.com/pointfreeco/swift-custom-dump";
			requirement = {
				kind = upToNextMajorVersion;
				minimumVersion = 1.3.3;
			};
		};
		54A154E0C4994C2E9B015205 /* XCRemoteSwiftPackageReference "swift-identified-collections" */ = {
			isa = XCRemoteSwiftPackageReference;
			repositoryURL = "https://github.com/pointfreeco/swift-identified-collections";
			requirement = {
				kind = upToNextMajorVersion;
				minimumVersion = 1.1.1;
			};
		};
		56108AA942D14934A20C9720 /* XCRemoteSwiftPackageReference "swift-dependencies" */ = {
			isa = XCRemoteSwiftPackageReference;
			repositoryURL = "https://github.com/pointfreeco/swift-dependencies";
			requirement = {
				kind = upToNextMajorVersion;
				minimumVersion = 1.9.5;
			};
		};
		5A1546E6EE2F41469AD15965 /* XCRemoteSwiftPackageReference "GRDB" */ = {
			isa = XCRemoteSwiftPackageReference;
			repositoryURL = "https://github.com/groue/GRDB.swift";
			requirement = {
				kind = upToNextMajorVersion;
				minimumVersion = 7.6.1;
			};
		};
		62A7D8E728004DB5838A525D /* XCRemoteSwiftPackageReference "swift-structured-queries" */ = {
			isa = XCRemoteSwiftPackageReference;
			repositoryURL = "https://github.com/pointfreeco/swift-structured-queries";
			requirement = {
				kind = upToNextMajorVersion;
				minimumVersion = 0.20.0;
			};
		};
		6695A1D0CF824048BE7178EA /* XCRemoteSwiftPackageReference "swift-clocks" */ = {
			isa = XCRemoteSwiftPackageReference;
			repositoryURL = "https://github.com/pointfreeco/swift-clocks";
			requirement = {
				kind = upToNextMajorVersion;
				minimumVersion = 1.0.6;
			};
		};
		94E7FE582E7F0B4400FC5984 /* XCRemoteSwiftPackageReference "sqlite-data" */ = {
			isa = XCRemoteSwiftPackageReference;
			repositoryURL = "https://github.com/pointfreeco/sqlite-data";
			requirement = {
				kind = upToNextMajorVersion;
				minimumVersion = 1.0.0;
			};
		};
		98DF3E0E5D4F41C5A4CB4EF9 /* XCRemoteSwiftPackageReference "xctest-dynamic-overlay" */ = {
			isa = XCRemoteSwiftPackageReference;
			repositoryURL = "https://github.com/pointfreeco/xctest-dynamic-overlay";
			requirement = {
				kind = upToNextMajorVersion;
				minimumVersion = 1.6.1;
			};
		};
		F719FD0EEEA54FAC86521C1B /* XCRemoteSwiftPackageReference "swift-sharing" */ = {
			isa = XCRemoteSwiftPackageReference;
			repositoryURL = "https://github.com/pointfreeco/swift-sharing";
			requirement = {
				kind = upToNextMajorVersion;
				minimumVersion = 2.7.4;
			};
		};
/* End XCRemoteSwiftPackageReference section */

/* Begin XCSwiftPackageProductDependency section */
		05C9F351223E4961A91EEDB5 /* Clocks */ = {
			isa = XCSwiftPackageProductDependency;
			package = 6695A1D0CF824048BE7178EA /* XCRemoteSwiftPackageReference "swift-clocks" */;
			productName = Clocks;
		};
		06218A4890D14D0293558AF0 /* CustomDump */ = {
			isa = XCSwiftPackageProductDependency;
			package = 4B745391AF6142C589C0C8F0 /* XCRemoteSwiftPackageReference "swift-custom-dump" */;
			productName = CustomDump;
		};
		0C86FB43631C4C069AC99A47 /* StructuredQueriesCore */ = {
			isa = XCSwiftPackageProductDependency;
			package = 62A7D8E728004DB5838A525D /* XCRemoteSwiftPackageReference "swift-structured-queries" */;
			productName = StructuredQueriesCore;
		};
		377E65324D0C4B118A946EEA /* StructuredQueries */ = {
			isa = XCSwiftPackageProductDependency;
			package = 62A7D8E728004DB5838A525D /* XCRemoteSwiftPackageReference "swift-structured-queries" */;
			productName = StructuredQueries;
		};
		4322C53DA11047C39538CD13 /* ConcurrencyExtras */ = {
			isa = XCSwiftPackageProductDependency;
			package = 23A0F0EE38E94B1AAA7ED122 /* XCRemoteSwiftPackageReference "swift-concurrency-extras" */;
			productName = ConcurrencyExtras;
		};
		47F91017A7314D8D8E068D86 /* OrderedCollections */ = {
			isa = XCSwiftPackageProductDependency;
			package = 318D46169A6446C49D5D51B1 /* XCRemoteSwiftPackageReference "swift-collections" */;
			productName = OrderedCollections;
		};
		5AF2024BEC7A428FAEE300B7 /* Sharing */ = {
			isa = XCSwiftPackageProductDependency;
			package = F719FD0EEEA54FAC86521C1B /* XCRemoteSwiftPackageReference "swift-sharing" */;
			productName = Sharing;
		};
		611B4ECF6D2C4D1A9063573E /* Dependencies */ = {
			isa = XCSwiftPackageProductDependency;
			package = 56108AA942D14934A20C9720 /* XCRemoteSwiftPackageReference "swift-dependencies" */;
			productName = Dependencies;
		};
		77C1EED9456B4A1F9413E5CB /* StructuredQueriesSQLiteCore */ = {
			isa = XCSwiftPackageProductDependency;
			package = 62A7D8E728004DB5838A525D /* XCRemoteSwiftPackageReference "swift-structured-queries" */;
			productName = StructuredQueriesSQLiteCore;
		};
		81F9A8AEEAE04841A213E875 /* StructuredQueriesSQLite */ = {
			isa = XCSwiftPackageProductDependency;
			package = 62A7D8E728004DB5838A525D /* XCRemoteSwiftPackageReference "swift-structured-queries" */;
			productName = StructuredQueriesSQLite;
		};
		93DB7E1280E249D7BC8BB4A8 /* XCTestDynamicOverlay */ = {
			isa = XCSwiftPackageProductDependency;
			package = 98DF3E0E5D4F41C5A4CB4EF9 /* XCRemoteSwiftPackageReference "xctest-dynamic-overlay" */;
			productName = XCTestDynamicOverlay;
		};
		94E7FE592E7F0B4400FC5984 /* SQLiteData */ = {
			isa = XCSwiftPackageProductDependency;
			package = 94E7FE582E7F0B4400FC5984 /* XCRemoteSwiftPackageReference "sqlite-data" */;
			productName = SQLiteData;
		};
		94E7FE5B2E7F0B4400FC5984 /* SQLiteDataTestSupport */ = {
			isa = XCSwiftPackageProductDependency;
			package = 94E7FE582E7F0B4400FC5984 /* XCRemoteSwiftPackageReference "sqlite-data" */;
			productName = SQLiteDataTestSupport;
		};
		9756EF6902FE41CC9C68AE13 /* GRDB */ = {
			isa = XCSwiftPackageProductDependency;
			package = 5A1546E6EE2F41469AD15965 /* XCRemoteSwiftPackageReference "GRDB" */;
			productName = GRDB;
		};
		97DA449394A948E3AE756805 /* CombineSchedulers */ = {
			isa = XCSwiftPackageProductDependency;
			package = 400B80F572214F43B9E2F725 /* XCRemoteSwiftPackageReference "combine-schedulers" */;
			productName = CombineSchedulers;
		};
		A30C1F5C9B9E43ECAE15F30A /* Perception */ = {
			isa = XCSwiftPackageProductDependency;
			package = 37221A7D0D234AE195D55004 /* XCRemoteSwiftPackageReference "swift-perception" */;
			productName = Perception;
		};
		AAF52D2B42D14634B13A3B8A /* IdentifiedCollections */ = {
			isa = XCSwiftPackageProductDependency;
			package = 54A154E0C4994C2E9B015205 /* XCRemoteSwiftPackageReference "swift-identified-collections" */;
			productName = IdentifiedCollections;
		};
/* End XCSwiftPackageProductDependency section */
	};
	rootObject = 94F521CE2E7B358600DA1658 /* Project object */;
}
